
Microsoft Visual Studio Solution File, Format Version 12.00
# Visual Studio Version 16
VisualStudioVersion = 16.0.32929.386
MinimumVisualStudioVersion = 10.0.40219.1
Project("{FAE04EC0-301F-11D3-BF4B-00C04F79EFBC}") = "Compilacion", "Compilacion.csproj", "{4E5D62D5-BFCD-4FF9-AF23-6486C8656CBC}"
EndProject
Global
	GlobalSection(SolutionConfigurationPlatforms) = preSolution
		Debug|Any CPU = Debug|Any CPU
		Release|Any CPU = Release|Any CPU
	EndGlobalSection
	GlobalSection(ProjectConfigurationPlatforms) = postSolution
		{4E5D62D5-BFCD-4FF9-AF23-6486C8656CBC}.Debug|Any CPU.ActiveCfg = Debug|Any CPU
		{4E5D62D5-BFCD-4FF9-AF23-6486C8656CBC}.Debug|Any CPU.Build.0 = Debug|Any CPU
		{4E5D62D5-BFCD-4FF9-AF23-6486C8656CBC}.Release|Any CPU.ActiveCfg = Release|Any CPU
		{4E5D62D5-BFCD-4FF9-AF23-6486C8656CBC}.Release|Any CPU.Build.0 = Release|Any CPU
	EndGlobalSection
	GlobalSection(SolutionProperties) = preSolution
		HideSolutionNode = FALSE
	EndGlobalSection
	GlobalSection(ExtensibilityGlobals) = postSolution
		SolutionGuid = {7B06BDC7-01A5-44F2-B2AC-3CB46CF67C79}
	EndGlobalSection
EndGlobal
